
Microsoft Visual Studio Solution File, Format Version 12.00
# Visual Studio 15
VisualStudioVersion = 15.0.26730.3
MinimumVisualStudioVersion = 10.0.40219.1
Project("{FAE04EC0-301F-11D3-BF4B-00C04F79EFBC}") = "TestAverage3", "TestAverage3\TestAverage3.csproj", "{577AF260-8D5E-4C4B-9D03-16FB353758F0}"
EndProject
Global
	GlobalSection(SolutionConfigurationPlatforms) = preSolution
		Debug|Any CPU = Debug|Any CPU
		Release|Any CPU = Release|Any CPU
	EndGlobalSection
	GlobalSection(ProjectConfigurationPlatforms) = postSolution
		{577AF260-8D5E-4C4B-9D03-16FB353758F0}.Debug|Any CPU.ActiveCfg = Debug|Any CPU
		{577AF260-8D5E-4C4B-9D03-16FB353758F0}.Debug|Any CPU.Build.0 = Debug|Any CPU
		{577AF260-8D5E-4C4B-9D03-16FB353758F0}.Release|Any CPU.ActiveCfg = Release|Any CPU
		{577AF260-8D5E-4C4B-9D03-16FB353758F0}.Release|Any CPU.Build.0 = Release|Any CPU
	EndGlobalSection
	GlobalSection(SolutionProperties) = preSolution
		HideSolutionNode = FALSE
	EndGlobalSection
	GlobalSection(ExtensibilityGlobals) = postSolution
		SolutionGuid = {A9908661-F069-4EDF-AB18-D3E314775120}
	EndGlobalSection
EndGlobal
