
Microsoft Visual Studio Solution File, Format Version 12.00
# Visual Studio 15
VisualStudioVersion = 15.0.26730.3
MinimumVisualStudioVersion = 10.0.40219.1
Project("{FAE04EC0-301F-11D3-BF4B-00C04F79EFBC}") = "AnimalFarm", "AnimalFarm\AnimalFarm.csproj", "{F7C43D6A-D305-46D4-949F-240BDD6251BA}"
EndProject
Global
	GlobalSection(SolutionConfigurationPlatforms) = preSolution
		Debug|Any CPU = Debug|Any CPU
		Release|Any CPU = Release|Any CPU
	EndGlobalSection
	GlobalSection(ProjectConfigurationPlatforms) = postSolution
		{F7C43D6A-D305-46D4-949F-240BDD6251BA}.Debug|Any CPU.ActiveCfg = Debug|Any CPU
		{F7C43D6A-D305-46D4-949F-240BDD6251BA}.Debug|Any CPU.Build.0 = Debug|Any CPU
		{F7C43D6A-D305-46D4-949F-240BDD6251BA}.Release|Any CPU.ActiveCfg = Release|Any CPU
		{F7C43D6A-D305-46D4-949F-240BDD6251BA}.Release|Any CPU.Build.0 = Release|Any CPU
	EndGlobalSection
	GlobalSection(SolutionProperties) = preSolution
		HideSolutionNode = FALSE
	EndGlobalSection
	GlobalSection(ExtensibilityGlobals) = postSolution
		SolutionGuid = {D061CCF8-392B-437D-B50C-7FA153C697CB}
	EndGlobalSection
EndGlobal
